
Microsoft Visual Studio Solution File, Format Version 11.00
# Visual Studio 2010
Project("{2150E333-8FDC-42A3-9474-1A3956D46DE8}") = "Solution Items", "Solution Items", "{F9A88F20-64E5-442C-8C20-10C69A39EF4C}"
	ProjectSection(SolutionItems) = preProject
		BreakingChanges.txt = BreakingChanges.txt
		Changes.txt = Changes.txt
		License.txt = License.txt
		Readme.txt = Readme.txt
		TODO.txt = TODO.txt
	EndProjectSection
	ProjectSection(FolderStartupServices) = postProject
		{B4F97281-0DBD-4835-9ED8-7DFB966E87FF} = {B4F97281-0DBD-4835-9ED8-7DFB966E87FF}
	EndProjectSection
EndProject
Project("{FAE04EC0-301F-11D3-BF4B-00C04F79EFBC}") = "Castle.Windsor", "src\Castle.Windsor\Castle.Windsor.csproj", "{60EFCB9B-E3FF-46A5-A2D2-D9F0EF75D5FE}"
EndProject
Project("{FAE04EC0-301F-11D3-BF4B-00C04F79EFBC}") = "Castle.Windsor.Tests", "src\Castle.Windsor.Tests\Castle.Windsor.Tests.csproj", "{CB3A30A6-56D4-4F4F-9AEF-DA55E1FF6D74}"
EndProject
Project("{FAE04EC0-301F-11D3-BF4B-00C04F79EFBC}") = "Castle.Facilities.Logging", "src\Castle.Facilities.Logging\Castle.Facilities.Logging.csproj", "{32D54D33-206F-44EE-8329-8480ABE049B1}"
EndProject
Project("{FAE04EC0-301F-11D3-BF4B-00C04F79EFBC}") = "Castle.Facilities.Logging.Tests", "src\Castle.Facilities.Logging.Tests\Castle.Facilities.Logging.Tests.csproj", "{8F649EDC-B84C-4F20-81AD-221ACA465E1D}"
EndProject
Project("{FAE04EC0-301F-11D3-BF4B-00C04F79EFBC}") = "Castle.Facilities.Synchronize", "src\Castle.Facilities.Synchronize\Castle.Facilities.Synchronize.csproj", "{60C7AA6D-7DF1-432C-9E93-C01A64747ABD}"
EndProject
Project("{FAE04EC0-301F-11D3-BF4B-00C04F79EFBC}") = "Castle.Facilities.Synchronize.Tests", "src\Castle.Facilities.Synchronize.Tests\Castle.Facilities.Synchronize.Tests.csproj", "{8AC538A8-8801-47E4-A96C-A0EC8AF6C341}"
EndProject
Project("{FAE04EC0-301F-11D3-BF4B-00C04F79EFBC}") = "Castle.Windsor.Tests-SL", "src\Castle.Windsor.Tests-SL\Castle.Windsor.Tests-SL.csproj", "{6EEEC4D0-17B6-474C-AF22-6B8BA2E9DD94}"
EndProject
Project("{FAE04EC0-301F-11D3-BF4B-00C04F79EFBC}") = "Castle.Facilities.EventWiring", "src\Castle.Facilities.EventWiring\Castle.Facilities.EventWiring.csproj", "{4BB0BD73-0CB7-4979-B790-C4DAC0A32294}"
EndProject
Project("{FAE04EC0-301F-11D3-BF4B-00C04F79EFBC}") = "Castle.Facilities.FactorySupport", "src\Castle.Facilities.FactorySupport\Castle.Facilities.FactorySupport.csproj", "{50286B04-1FDA-46A7-89A1-6CFE9F5BB0DA}"
EndProject
Global
	GlobalSection(SolutionConfigurationPlatforms) = preSolution
		Debug|Any CPU = Debug|Any CPU
		MONO26-Debug|Any CPU = MONO26-Debug|Any CPU
		MONO26-Release|Any CPU = MONO26-Release|Any CPU
		MONO28-Debug|Any CPU = MONO28-Debug|Any CPU
		MONO28-Release|Any CPU = MONO28-Release|Any CPU
		NET35-Debug|Any CPU = NET35-Debug|Any CPU
		NET35-Release|Any CPU = NET35-Release|Any CPU
		NET40CP-Debug|Any CPU = NET40CP-Debug|Any CPU
		NET40CP-Release|Any CPU = NET40CP-Release|Any CPU
		NET40-Debug|Any CPU = NET40-Debug|Any CPU
		NET40-Release|Any CPU = NET40-Release|Any CPU
		Release|Any CPU = Release|Any CPU
		SL3-Debug|Any CPU = SL3-Debug|Any CPU
		SL3-Release|Any CPU = SL3-Release|Any CPU
		SL4-Debug|Any CPU = SL4-Debug|Any CPU
		SL4-Release|Any CPU = SL4-Release|Any CPU
	EndGlobalSection
	GlobalSection(ProjectConfigurationPlatforms) = postSolution
		{60EFCB9B-E3FF-46A5-A2D2-D9F0EF75D5FE}.Debug|Any CPU.ActiveCfg = MONO28-Debug|Any CPU
		{60EFCB9B-E3FF-46A5-A2D2-D9F0EF75D5FE}.Debug|Any CPU.Build.0 = MONO28-Debug|Any CPU
		{60EFCB9B-E3FF-46A5-A2D2-D9F0EF75D5FE}.MONO26-Debug|Any CPU.ActiveCfg = MONO26-Debug|Any CPU
		{60EFCB9B-E3FF-46A5-A2D2-D9F0EF75D5FE}.MONO26-Debug|Any CPU.Build.0 = MONO26-Debug|Any CPU
		{60EFCB9B-E3FF-46A5-A2D2-D9F0EF75D5FE}.MONO26-Release|Any CPU.ActiveCfg = MONO26-Release|Any CPU
		{60EFCB9B-E3FF-46A5-A2D2-D9F0EF75D5FE}.MONO26-Release|Any CPU.Build.0 = MONO26-Release|Any CPU
		{60EFCB9B-E3FF-46A5-A2D2-D9F0EF75D5FE}.MONO28-Debug|Any CPU.ActiveCfg = MONO28-Debug|Any CPU
		{60EFCB9B-E3FF-46A5-A2D2-D9F0EF75D5FE}.MONO28-Debug|Any CPU.Build.0 = MONO28-Debug|Any CPU
		{60EFCB9B-E3FF-46A5-A2D2-D9F0EF75D5FE}.MONO28-Release|Any CPU.ActiveCfg = MONO28-Release|Any CPU
		{60EFCB9B-E3FF-46A5-A2D2-D9F0EF75D5FE}.MONO28-Release|Any CPU.Build.0 = MONO28-Release|Any CPU
		{60EFCB9B-E3FF-46A5-A2D2-D9F0EF75D5FE}.NET35-Debug|Any CPU.ActiveCfg = NET35-Debug|Any CPU
		{60EFCB9B-E3FF-46A5-A2D2-D9F0EF75D5FE}.NET35-Debug|Any CPU.Build.0 = NET35-Debug|Any CPU
		{60EFCB9B-E3FF-46A5-A2D2-D9F0EF75D5FE}.NET35-Release|Any CPU.ActiveCfg = NET35-Release|Any CPU
		{60EFCB9B-E3FF-46A5-A2D2-D9F0EF75D5FE}.NET35-Release|Any CPU.Build.0 = NET35-Release|Any CPU
		{60EFCB9B-E3FF-46A5-A2D2-D9F0EF75D5FE}.NET40CP-Debug|Any CPU.ActiveCfg = NET40CP-Debug|Any CPU
		{60EFCB9B-E3FF-46A5-A2D2-D9F0EF75D5FE}.NET40CP-Debug|Any CPU.Build.0 = NET40CP-Debug|Any CPU
		{60EFCB9B-E3FF-46A5-A2D2-D9F0EF75D5FE}.NET40CP-Release|Any CPU.ActiveCfg = NET40CP-Release|Any CPU
		{60EFCB9B-E3FF-46A5-A2D2-D9F0EF75D5FE}.NET40CP-Release|Any CPU.Build.0 = NET40CP-Release|Any CPU
		{60EFCB9B-E3FF-46A5-A2D2-D9F0EF75D5FE}.NET40-Debug|Any CPU.ActiveCfg = NET40-Debug|Any CPU
		{60EFCB9B-E3FF-46A5-A2D2-D9F0EF75D5FE}.NET40-Debug|Any CPU.Build.0 = NET40-Debug|Any CPU
		{60EFCB9B-E3FF-46A5-A2D2-D9F0EF75D5FE}.NET40-Release|Any CPU.ActiveCfg = NET40-Release|Any CPU
		{60EFCB9B-E3FF-46A5-A2D2-D9F0EF75D5FE}.NET40-Release|Any CPU.Build.0 = NET40-Release|Any CPU
		{60EFCB9B-E3FF-46A5-A2D2-D9F0EF75D5FE}.Release|Any CPU.ActiveCfg = MONO28-Release|Any CPU
		{60EFCB9B-E3FF-46A5-A2D2-D9F0EF75D5FE}.Release|Any CPU.Build.0 = MONO28-Release|Any CPU
		{60EFCB9B-E3FF-46A5-A2D2-D9F0EF75D5FE}.SL3-Debug|Any CPU.ActiveCfg = SL3-Debug|Any CPU
		{60EFCB9B-E3FF-46A5-A2D2-D9F0EF75D5FE}.SL3-Debug|Any CPU.Build.0 = SL3-Debug|Any CPU
		{60EFCB9B-E3FF-46A5-A2D2-D9F0EF75D5FE}.SL3-Release|Any CPU.ActiveCfg = SL3-Release|Any CPU
		{60EFCB9B-E3FF-46A5-A2D2-D9F0EF75D5FE}.SL3-Release|Any CPU.Build.0 = SL3-Release|Any CPU
		{60EFCB9B-E3FF-46A5-A2D2-D9F0EF75D5FE}.SL4-Debug|Any CPU.ActiveCfg = SL4-Debug|Any CPU
		{60EFCB9B-E3FF-46A5-A2D2-D9F0EF75D5FE}.SL4-Debug|Any CPU.Build.0 = SL4-Debug|Any CPU
		{60EFCB9B-E3FF-46A5-A2D2-D9F0EF75D5FE}.SL4-Release|Any CPU.ActiveCfg = SL4-Release|Any CPU
		{60EFCB9B-E3FF-46A5-A2D2-D9F0EF75D5FE}.SL4-Release|Any CPU.Build.0 = SL4-Release|Any CPU
		{CB3A30A6-56D4-4F4F-9AEF-DA55E1FF6D74}.Debug|Any CPU.ActiveCfg = MONO28-Debug|Any CPU
		{CB3A30A6-56D4-4F4F-9AEF-DA55E1FF6D74}.Debug|Any CPU.Build.0 = MONO28-Debug|Any CPU
		{CB3A30A6-56D4-4F4F-9AEF-DA55E1FF6D74}.MONO26-Debug|Any CPU.ActiveCfg = MONO26-Debug|Any CPU
		{CB3A30A6-56D4-4F4F-9AEF-DA55E1FF6D74}.MONO26-Debug|Any CPU.Build.0 = MONO26-Debug|Any CPU
		{CB3A30A6-56D4-4F4F-9AEF-DA55E1FF6D74}.MONO26-Release|Any CPU.ActiveCfg = MONO26-Release|Any CPU
		{CB3A30A6-56D4-4F4F-9AEF-DA55E1FF6D74}.MONO26-Release|Any CPU.Build.0 = MONO26-Release|Any CPU
		{CB3A30A6-56D4-4F4F-9AEF-DA55E1FF6D74}.MONO28-Debug|Any CPU.ActiveCfg = MONO28-Debug|Any CPU
		{CB3A30A6-56D4-4F4F-9AEF-DA55E1FF6D74}.MONO28-Debug|Any CPU.Build.0 = MONO28-Debug|Any CPU
		{CB3A30A6-56D4-4F4F-9AEF-DA55E1FF6D74}.MONO28-Release|Any CPU.ActiveCfg = MONO28-Release|Any CPU
		{CB3A30A6-56D4-4F4F-9AEF-DA55E1FF6D74}.MONO28-Release|Any CPU.Build.0 = MONO28-Release|Any CPU
		{CB3A30A6-56D4-4F4F-9AEF-DA55E1FF6D74}.NET35-Debug|Any CPU.ActiveCfg = NET35-Debug|Any CPU
		{CB3A30A6-56D4-4F4F-9AEF-DA55E1FF6D74}.NET35-Debug|Any CPU.Build.0 = NET35-Debug|Any CPU
		{CB3A30A6-56D4-4F4F-9AEF-DA55E1FF6D74}.NET35-Release|Any CPU.ActiveCfg = NET35-Release|Any CPU
		{CB3A30A6-56D4-4F4F-9AEF-DA55E1FF6D74}.NET35-Release|Any CPU.Build.0 = NET35-Release|Any CPU
		{CB3A30A6-56D4-4F4F-9AEF-DA55E1FF6D74}.NET40CP-Debug|Any CPU.ActiveCfg = NET40CP-Debug|Any CPU
		{CB3A30A6-56D4-4F4F-9AEF-DA55E1FF6D74}.NET40CP-Debug|Any CPU.Build.0 = NET40CP-Debug|Any CPU
		{CB3A30A6-56D4-4F4F-9AEF-DA55E1FF6D74}.NET40CP-Release|Any CPU.ActiveCfg = NET40CP-Release|Any CPU
		{CB3A30A6-56D4-4F4F-9AEF-DA55E1FF6D74}.NET40CP-Release|Any CPU.Build.0 = NET40CP-Release|Any CPU
		{CB3A30A6-56D4-4F4F-9AEF-DA55E1FF6D74}.NET40-Debug|Any CPU.ActiveCfg = NET40-Debug|Any CPU
		{CB3A30A6-56D4-4F4F-9AEF-DA55E1FF6D74}.NET40-Debug|Any CPU.Build.0 = NET40-Debug|Any CPU
		{CB3A30A6-56D4-4F4F-9AEF-DA55E1FF6D74}.NET40-Release|Any CPU.ActiveCfg = NET40-Release|Any CPU
		{CB3A30A6-56D4-4F4F-9AEF-DA55E1FF6D74}.NET40-Release|Any CPU.Build.0 = NET40-Release|Any CPU
		{CB3A30A6-56D4-4F4F-9AEF-DA55E1FF6D74}.Release|Any CPU.ActiveCfg = MONO28-Release|Any CPU
		{CB3A30A6-56D4-4F4F-9AEF-DA55E1FF6D74}.Release|Any CPU.Build.0 = MONO28-Release|Any CPU
		{CB3A30A6-56D4-4F4F-9AEF-DA55E1FF6D74}.SL3-Debug|Any CPU.ActiveCfg = SL3-Debug|Any CPU
		{CB3A30A6-56D4-4F4F-9AEF-DA55E1FF6D74}.SL3-Debug|Any CPU.Build.0 = SL3-Debug|Any CPU
		{CB3A30A6-56D4-4F4F-9AEF-DA55E1FF6D74}.SL3-Release|Any CPU.ActiveCfg = SL3-Release|Any CPU
		{CB3A30A6-56D4-4F4F-9AEF-DA55E1FF6D74}.SL3-Release|Any CPU.Build.0 = SL3-Release|Any CPU
		{CB3A30A6-56D4-4F4F-9AEF-DA55E1FF6D74}.SL4-Debug|Any CPU.ActiveCfg = SL4-Debug|Any CPU
		{CB3A30A6-56D4-4F4F-9AEF-DA55E1FF6D74}.SL4-Debug|Any CPU.Build.0 = SL4-Debug|Any CPU
		{CB3A30A6-56D4-4F4F-9AEF-DA55E1FF6D74}.SL4-Release|Any CPU.ActiveCfg = SL4-Release|Any CPU
		{CB3A30A6-56D4-4F4F-9AEF-DA55E1FF6D74}.SL4-Release|Any CPU.Build.0 = SL4-Release|Any CPU
		{32D54D33-206F-44EE-8329-8480ABE049B1}.Debug|Any CPU.ActiveCfg = MONO28-Debug|Any CPU
		{32D54D33-206F-44EE-8329-8480ABE049B1}.Debug|Any CPU.Build.0 = MONO28-Debug|Any CPU
		{32D54D33-206F-44EE-8329-8480ABE049B1}.MONO26-Debug|Any CPU.ActiveCfg = MONO26-Debug|Any CPU
		{32D54D33-206F-44EE-8329-8480ABE049B1}.MONO26-Debug|Any CPU.Build.0 = MONO26-Debug|Any CPU
		{32D54D33-206F-44EE-8329-8480ABE049B1}.MONO26-Release|Any CPU.ActiveCfg = MONO26-Release|Any CPU
		{32D54D33-206F-44EE-8329-8480ABE049B1}.MONO26-Release|Any CPU.Build.0 = MONO26-Release|Any CPU
		{32D54D33-206F-44EE-8329-8480ABE049B1}.MONO28-Debug|Any CPU.ActiveCfg = MONO28-Debug|Any CPU
		{32D54D33-206F-44EE-8329-8480ABE049B1}.MONO28-Debug|Any CPU.Build.0 = MONO28-Debug|Any CPU
		{32D54D33-206F-44EE-8329-8480ABE049B1}.MONO28-Release|Any CPU.ActiveCfg = MONO28-Release|Any CPU
		{32D54D33-206F-44EE-8329-8480ABE049B1}.MONO28-Release|Any CPU.Build.0 = MONO28-Release|Any CPU
		{32D54D33-206F-44EE-8329-8480ABE049B1}.NET35-Debug|Any CPU.ActiveCfg = NET35-Debug|Any CPU
		{32D54D33-206F-44EE-8329-8480ABE049B1}.NET35-Debug|Any CPU.Build.0 = NET35-Debug|Any CPU
		{32D54D33-206F-44EE-8329-8480ABE049B1}.NET35-Release|Any CPU.ActiveCfg = NET35-Release|Any CPU
		{32D54D33-206F-44EE-8329-8480ABE049B1}.NET35-Release|Any CPU.Build.0 = NET35-Release|Any CPU
		{32D54D33-206F-44EE-8329-8480ABE049B1}.NET40CP-Debug|Any CPU.ActiveCfg = NET40CP-Debug|Any CPU
		{32D54D33-206F-44EE-8329-8480ABE049B1}.NET40CP-Debug|Any CPU.Build.0 = NET40CP-Debug|Any CPU
		{32D54D33-206F-44EE-8329-8480ABE049B1}.NET40CP-Release|Any CPU.ActiveCfg = NET40CP-Release|Any CPU
		{32D54D33-206F-44EE-8329-8480ABE049B1}.NET40CP-Release|Any CPU.Build.0 = NET40CP-Release|Any CPU
		{32D54D33-206F-44EE-8329-8480ABE049B1}.NET40-Debug|Any CPU.ActiveCfg = NET40-Debug|Any CPU
		{32D54D33-206F-44EE-8329-8480ABE049B1}.NET40-Debug|Any CPU.Build.0 = NET40-Debug|Any CPU
		{32D54D33-206F-44EE-8329-8480ABE049B1}.NET40-Release|Any CPU.ActiveCfg = NET40-Release|Any CPU
		{32D54D33-206F-44EE-8329-8480ABE049B1}.NET40-Release|Any CPU.Build.0 = NET40-Release|Any CPU
		{32D54D33-206F-44EE-8329-8480ABE049B1}.Release|Any CPU.ActiveCfg = MONO28-Release|Any CPU
		{32D54D33-206F-44EE-8329-8480ABE049B1}.Release|Any CPU.Build.0 = MONO28-Release|Any CPU
		{32D54D33-206F-44EE-8329-8480ABE049B1}.SL3-Debug|Any CPU.ActiveCfg = SL3-Debug|Any CPU
		{32D54D33-206F-44EE-8329-8480ABE049B1}.SL3-Debug|Any CPU.Build.0 = SL3-Debug|Any CPU
		{32D54D33-206F-44EE-8329-8480ABE049B1}.SL3-Release|Any CPU.ActiveCfg = SL3-Release|Any CPU
		{32D54D33-206F-44EE-8329-8480ABE049B1}.SL3-Release|Any CPU.Build.0 = SL3-Release|Any CPU
		{32D54D33-206F-44EE-8329-8480ABE049B1}.SL4-Debug|Any CPU.ActiveCfg = SL4-Debug|Any CPU
		{32D54D33-206F-44EE-8329-8480ABE049B1}.SL4-Debug|Any CPU.Build.0 = SL4-Debug|Any CPU
		{32D54D33-206F-44EE-8329-8480ABE049B1}.SL4-Release|Any CPU.ActiveCfg = SL4-Release|Any CPU
		{32D54D33-206F-44EE-8329-8480ABE049B1}.SL4-Release|Any CPU.Build.0 = SL4-Release|Any CPU
		{8F649EDC-B84C-4F20-81AD-221ACA465E1D}.Debug|Any CPU.ActiveCfg = MONO28-Debug|Any CPU
		{8F649EDC-B84C-4F20-81AD-221ACA465E1D}.Debug|Any CPU.Build.0 = MONO28-Debug|Any CPU
		{8F649EDC-B84C-4F20-81AD-221ACA465E1D}.MONO26-Debug|Any CPU.ActiveCfg = MONO26-Debug|Any CPU
		{8F649EDC-B84C-4F20-81AD-221ACA465E1D}.MONO26-Debug|Any CPU.Build.0 = MONO26-Debug|Any CPU
		{8F649EDC-B84C-4F20-81AD-221ACA465E1D}.MONO26-Release|Any CPU.ActiveCfg = MONO26-Release|Any CPU
		{8F649EDC-B84C-4F20-81AD-221ACA465E1D}.MONO26-Release|Any CPU.Build.0 = MONO26-Release|Any CPU
		{8F649EDC-B84C-4F20-81AD-221ACA465E1D}.MONO28-Debug|Any CPU.ActiveCfg = MONO28-Debug|Any CPU
		{8F649EDC-B84C-4F20-81AD-221ACA465E1D}.MONO28-Debug|Any CPU.Build.0 = MONO28-Debug|Any CPU
		{8F649EDC-B84C-4F20-81AD-221ACA465E1D}.MONO28-Release|Any CPU.ActiveCfg = MONO28-Release|Any CPU
		{8F649EDC-B84C-4F20-81AD-221ACA465E1D}.MONO28-Release|Any CPU.Build.0 = MONO28-Release|Any CPU
		{8F649EDC-B84C-4F20-81AD-221ACA465E1D}.NET35-Debug|Any CPU.ActiveCfg = NET35-Debug|Any CPU
		{8F649EDC-B84C-4F20-81AD-221ACA465E1D}.NET35-Debug|Any CPU.Build.0 = NET35-Debug|Any CPU
		{8F649EDC-B84C-4F20-81AD-221ACA465E1D}.NET35-Release|Any CPU.ActiveCfg = NET35-Release|Any CPU
		{8F649EDC-B84C-4F20-81AD-221ACA465E1D}.NET35-Release|Any CPU.Build.0 = NET35-Release|Any CPU
		{8F649EDC-B84C-4F20-81AD-221ACA465E1D}.NET40CP-Debug|Any CPU.ActiveCfg = NET40CP-Debug|Any CPU
		{8F649EDC-B84C-4F20-81AD-221ACA465E1D}.NET40CP-Debug|Any CPU.Build.0 = NET40CP-Debug|Any CPU
		{8F649EDC-B84C-4F20-81AD-221ACA465E1D}.NET40CP-Release|Any CPU.ActiveCfg = NET40CP-Release|Any CPU
		{8F649EDC-B84C-4F20-81AD-221ACA465E1D}.NET40CP-Release|Any CPU.Build.0 = NET40CP-Release|Any CPU
		{8F649EDC-B84C-4F20-81AD-221ACA465E1D}.NET40-Debug|Any CPU.ActiveCfg = NET40-Debug|Any CPU
		{8F649EDC-B84C-4F20-81AD-221ACA465E1D}.NET40-Debug|Any CPU.Build.0 = NET40-Debug|Any CPU
		{8F649EDC-B84C-4F20-81AD-221ACA465E1D}.NET40-Release|Any CPU.ActiveCfg = NET40-Release|Any CPU
		{8F649EDC-B84C-4F20-81AD-221ACA465E1D}.NET40-Release|Any CPU.Build.0 = NET40-Release|Any CPU
		{8F649EDC-B84C-4F20-81AD-221ACA465E1D}.Release|Any CPU.ActiveCfg = MONO28-Release|Any CPU
		{8F649EDC-B84C-4F20-81AD-221ACA465E1D}.Release|Any CPU.Build.0 = MONO28-Release|Any CPU
		{8F649EDC-B84C-4F20-81AD-221ACA465E1D}.SL3-Debug|Any CPU.ActiveCfg = SL3-Debug|Any CPU
		{8F649EDC-B84C-4F20-81AD-221ACA465E1D}.SL3-Debug|Any CPU.Build.0 = SL3-Debug|Any CPU
		{8F649EDC-B84C-4F20-81AD-221ACA465E1D}.SL3-Release|Any CPU.ActiveCfg = SL3-Release|Any CPU
		{8F649EDC-B84C-4F20-81AD-221ACA465E1D}.SL3-Release|Any CPU.Build.0 = SL3-Release|Any CPU
		{8F649EDC-B84C-4F20-81AD-221ACA465E1D}.SL4-Debug|Any CPU.ActiveCfg = SL4-Debug|Any CPU
		{8F649EDC-B84C-4F20-81AD-221ACA465E1D}.SL4-Debug|Any CPU.Build.0 = SL4-Debug|Any CPU
		{8F649EDC-B84C-4F20-81AD-221ACA465E1D}.SL4-Release|Any CPU.ActiveCfg = SL4-Release|Any CPU
		{8F649EDC-B84C-4F20-81AD-221ACA465E1D}.SL4-Release|Any CPU.Build.0 = SL4-Release|Any CPU
		{60C7AA6D-7DF1-432C-9E93-C01A64747ABD}.Debug|Any CPU.ActiveCfg = MONO28-Debug|Any CPU
		{60C7AA6D-7DF1-432C-9E93-C01A64747ABD}.Debug|Any CPU.Build.0 = MONO28-Debug|Any CPU
		{60C7AA6D-7DF1-432C-9E93-C01A64747ABD}.MONO26-Debug|Any CPU.ActiveCfg = MONO26-Debug|Any CPU
		{60C7AA6D-7DF1-432C-9E93-C01A64747ABD}.MONO26-Release|Any CPU.ActiveCfg = MONO26-Release|Any CPU
		{60C7AA6D-7DF1-432C-9E93-C01A64747ABD}.MONO28-Debug|Any CPU.ActiveCfg = MONO28-Debug|Any CPU
		{60C7AA6D-7DF1-432C-9E93-C01A64747ABD}.MONO28-Release|Any CPU.ActiveCfg = MONO28-Release|Any CPU
		{60C7AA6D-7DF1-432C-9E93-C01A64747ABD}.NET35-Debug|Any CPU.ActiveCfg = NET35-Debug|Any CPU
		{60C7AA6D-7DF1-432C-9E93-C01A64747ABD}.NET35-Debug|Any CPU.Build.0 = NET35-Debug|Any CPU
		{60C7AA6D-7DF1-432C-9E93-C01A64747ABD}.NET35-Release|Any CPU.ActiveCfg = NET35-Release|Any CPU
		{60C7AA6D-7DF1-432C-9E93-C01A64747ABD}.NET35-Release|Any CPU.Build.0 = NET35-Release|Any CPU
		{60C7AA6D-7DF1-432C-9E93-C01A64747ABD}.NET40CP-Debug|Any CPU.ActiveCfg = NET40CP-Debug|Any CPU
		{60C7AA6D-7DF1-432C-9E93-C01A64747ABD}.NET40CP-Debug|Any CPU.Build.0 = NET40CP-Debug|Any CPU
		{60C7AA6D-7DF1-432C-9E93-C01A64747ABD}.NET40CP-Release|Any CPU.ActiveCfg = NET40CP-Release|Any CPU
		{60C7AA6D-7DF1-432C-9E93-C01A64747ABD}.NET40CP-Release|Any CPU.Build.0 = NET40CP-Release|Any CPU
		{60C7AA6D-7DF1-432C-9E93-C01A64747ABD}.NET40-Debug|Any CPU.ActiveCfg = NET40-Debug|Any CPU
		{60C7AA6D-7DF1-432C-9E93-C01A64747ABD}.NET40-Debug|Any CPU.Build.0 = NET40-Debug|Any CPU
		{60C7AA6D-7DF1-432C-9E93-C01A64747ABD}.NET40-Release|Any CPU.ActiveCfg = NET40-Release|Any CPU
		{60C7AA6D-7DF1-432C-9E93-C01A64747ABD}.NET40-Release|Any CPU.Build.0 = NET40-Release|Any CPU
		{60C7AA6D-7DF1-432C-9E93-C01A64747ABD}.Release|Any CPU.ActiveCfg = MONO28-Release|Any CPU
		{60C7AA6D-7DF1-432C-9E93-C01A64747ABD}.Release|Any CPU.Build.0 = MONO28-Release|Any CPU
		{60C7AA6D-7DF1-432C-9E93-C01A64747ABD}.SL3-Debug|Any CPU.ActiveCfg = SL3-Debug|Any CPU
		{60C7AA6D-7DF1-432C-9E93-C01A64747ABD}.SL3-Release|Any CPU.ActiveCfg = SL3-Release|Any CPU
		{60C7AA6D-7DF1-432C-9E93-C01A64747ABD}.SL4-Debug|Any CPU.ActiveCfg = SL4-Debug|Any CPU
		{60C7AA6D-7DF1-432C-9E93-C01A64747ABD}.SL4-Release|Any CPU.ActiveCfg = SL4-Release|Any CPU
		{8AC538A8-8801-47E4-A96C-A0EC8AF6C341}.Debug|Any CPU.ActiveCfg = MONO28-Debug|Any CPU
		{8AC538A8-8801-47E4-A96C-A0EC8AF6C341}.Debug|Any CPU.Build.0 = MONO28-Debug|Any CPU
		{8AC538A8-8801-47E4-A96C-A0EC8AF6C341}.MONO26-Debug|Any CPU.ActiveCfg = MONO26-Debug|Any CPU
		{8AC538A8-8801-47E4-A96C-A0EC8AF6C341}.MONO26-Release|Any CPU.ActiveCfg = MONO26-Release|Any CPU
		{8AC538A8-8801-47E4-A96C-A0EC8AF6C341}.MONO28-Debug|Any CPU.ActiveCfg = MONO28-Debug|Any CPU
		{8AC538A8-8801-47E4-A96C-A0EC8AF6C341}.MONO28-Release|Any CPU.ActiveCfg = MONO28-Release|Any CPU
		{8AC538A8-8801-47E4-A96C-A0EC8AF6C341}.NET35-Debug|Any CPU.ActiveCfg = NET35-Debug|Any CPU
		{8AC538A8-8801-47E4-A96C-A0EC8AF6C341}.NET35-Debug|Any CPU.Build.0 = NET35-Debug|Any CPU
		{8AC538A8-8801-47E4-A96C-A0EC8AF6C341}.NET35-Release|Any CPU.ActiveCfg = NET35-Release|Any CPU
		{8AC538A8-8801-47E4-A96C-A0EC8AF6C341}.NET35-Release|Any CPU.Build.0 = NET35-Release|Any CPU
		{8AC538A8-8801-47E4-A96C-A0EC8AF6C341}.NET40CP-Debug|Any CPU.ActiveCfg = NET40CP-Debug|Any CPU
		{8AC538A8-8801-47E4-A96C-A0EC8AF6C341}.NET40CP-Debug|Any CPU.Build.0 = NET40CP-Debug|Any CPU
		{8AC538A8-8801-47E4-A96C-A0EC8AF6C341}.NET40CP-Release|Any CPU.ActiveCfg = NET40CP-Release|Any CPU
		{8AC538A8-8801-47E4-A96C-A0EC8AF6C341}.NET40CP-Release|Any CPU.Build.0 = NET40CP-Release|Any CPU
		{8AC538A8-8801-47E4-A96C-A0EC8AF6C341}.NET40-Debug|Any CPU.ActiveCfg = NET40-Debug|Any CPU
		{8AC538A8-8801-47E4-A96C-A0EC8AF6C341}.NET40-Debug|Any CPU.Build.0 = NET40-Debug|Any CPU
		{8AC538A8-8801-47E4-A96C-A0EC8AF6C341}.NET40-Release|Any CPU.ActiveCfg = NET40-Release|Any CPU
		{8AC538A8-8801-47E4-A96C-A0EC8AF6C341}.NET40-Release|Any CPU.Build.0 = NET40-Release|Any CPU
		{8AC538A8-8801-47E4-A96C-A0EC8AF6C341}.Release|Any CPU.ActiveCfg = MONO28-Release|Any CPU
		{8AC538A8-8801-47E4-A96C-A0EC8AF6C341}.Release|Any CPU.Build.0 = MONO28-Release|Any CPU
		{8AC538A8-8801-47E4-A96C-A0EC8AF6C341}.SL3-Debug|Any CPU.ActiveCfg = SL3-Debug|Any CPU
		{8AC538A8-8801-47E4-A96C-A0EC8AF6C341}.SL3-Release|Any CPU.ActiveCfg = SL3-Release|Any CPU
		{8AC538A8-8801-47E4-A96C-A0EC8AF6C341}.SL4-Debug|Any CPU.ActiveCfg = SL4-Debug|Any CPU
		{8AC538A8-8801-47E4-A96C-A0EC8AF6C341}.SL4-Release|Any CPU.ActiveCfg = SL4-Release|Any CPU
		{6EEEC4D0-17B6-474C-AF22-6B8BA2E9DD94}.Debug|Any CPU.ActiveCfg = Debug|Any CPU
		{6EEEC4D0-17B6-474C-AF22-6B8BA2E9DD94}.Debug|Any CPU.Build.0 = Debug|Any CPU
		{6EEEC4D0-17B6-474C-AF22-6B8BA2E9DD94}.MONO26-Debug|Any CPU.ActiveCfg = MONO26-Debug|Any CPU
		{6EEEC4D0-17B6-474C-AF22-6B8BA2E9DD94}.MONO26-Release|Any CPU.ActiveCfg = MONO26-Release|Any CPU
		{6EEEC4D0-17B6-474C-AF22-6B8BA2E9DD94}.MONO28-Debug|Any CPU.ActiveCfg = MONO28-Debug|Any CPU
		{6EEEC4D0-17B6-474C-AF22-6B8BA2E9DD94}.MONO28-Release|Any CPU.ActiveCfg = MONO28-Release|Any CPU
		{6EEEC4D0-17B6-474C-AF22-6B8BA2E9DD94}.NET35-Debug|Any CPU.ActiveCfg = NET35-Debug|Any CPU
		{6EEEC4D0-17B6-474C-AF22-6B8BA2E9DD94}.NET35-Release|Any CPU.ActiveCfg = NET35-Release|Any CPU
		{6EEEC4D0-17B6-474C-AF22-6B8BA2E9DD94}.NET40CP-Debug|Any CPU.ActiveCfg = NET40CP-Debug|Any CPU
		{6EEEC4D0-17B6-474C-AF22-6B8BA2E9DD94}.NET40CP-Release|Any CPU.ActiveCfg = NET40CP-Release|Any CPU
		{6EEEC4D0-17B6-474C-AF22-6B8BA2E9DD94}.NET40-Debug|Any CPU.ActiveCfg = NET40-Debug|Any CPU
		{6EEEC4D0-17B6-474C-AF22-6B8BA2E9DD94}.NET40-Release|Any CPU.ActiveCfg = NET40-Release|Any CPU
		{6EEEC4D0-17B6-474C-AF22-6B8BA2E9DD94}.Release|Any CPU.ActiveCfg = Release|Any CPU
		{6EEEC4D0-17B6-474C-AF22-6B8BA2E9DD94}.Release|Any CPU.Build.0 = Release|Any CPU
		{6EEEC4D0-17B6-474C-AF22-6B8BA2E9DD94}.SL3-Debug|Any CPU.ActiveCfg = SL3-Debug|Any CPU
		{6EEEC4D0-17B6-474C-AF22-6B8BA2E9DD94}.SL3-Debug|Any CPU.Build.0 = SL3-Debug|Any CPU
		{6EEEC4D0-17B6-474C-AF22-6B8BA2E9DD94}.SL3-Release|Any CPU.ActiveCfg = SL3-Release|Any CPU
		{6EEEC4D0-17B6-474C-AF22-6B8BA2E9DD94}.SL3-Release|Any CPU.Build.0 = SL3-Release|Any CPU
		{6EEEC4D0-17B6-474C-AF22-6B8BA2E9DD94}.SL4-Debug|Any CPU.ActiveCfg = SL4-Debug|Any CPU
		{6EEEC4D0-17B6-474C-AF22-6B8BA2E9DD94}.SL4-Debug|Any CPU.Build.0 = SL4-Debug|Any CPU
		{6EEEC4D0-17B6-474C-AF22-6B8BA2E9DD94}.SL4-Release|Any CPU.ActiveCfg = SL4-Release|Any CPU
		{6EEEC4D0-17B6-474C-AF22-6B8BA2E9DD94}.SL4-Release|Any CPU.Build.0 = SL4-Release|Any CPU
		{4BB0BD73-0CB7-4979-B790-C4DAC0A32294}.Debug|Any CPU.ActiveCfg = MONO28-Debug|Any CPU
		{4BB0BD73-0CB7-4979-B790-C4DAC0A32294}.Debug|Any CPU.Build.0 = MONO28-Debug|Any CPU
		{4BB0BD73-0CB7-4979-B790-C4DAC0A32294}.MONO26-Debug|Any CPU.ActiveCfg = MONO26-Debug|Any CPU
		{4BB0BD73-0CB7-4979-B790-C4DAC0A32294}.MONO26-Debug|Any CPU.Build.0 = MONO26-Debug|Any CPU
		{4BB0BD73-0CB7-4979-B790-C4DAC0A32294}.MONO26-Release|Any CPU.ActiveCfg = MONO26-Release|Any CPU
		{4BB0BD73-0CB7-4979-B790-C4DAC0A32294}.MONO26-Release|Any CPU.Build.0 = MONO26-Release|Any CPU
		{4BB0BD73-0CB7-4979-B790-C4DAC0A32294}.MONO28-Debug|Any CPU.ActiveCfg = MONO28-Debug|Any CPU
		{4BB0BD73-0CB7-4979-B790-C4DAC0A32294}.MONO28-Debug|Any CPU.Build.0 = MONO28-Debug|Any CPU
		{4BB0BD73-0CB7-4979-B790-C4DAC0A32294}.MONO28-Release|Any CPU.ActiveCfg = MONO28-Release|Any CPU
		{4BB0BD73-0CB7-4979-B790-C4DAC0A32294}.MONO28-Release|Any CPU.Build.0 = MONO28-Release|Any CPU
		{4BB0BD73-0CB7-4979-B790-C4DAC0A32294}.NET35-Debug|Any CPU.ActiveCfg = NET35-Debug|Any CPU
		{4BB0BD73-0CB7-4979-B790-C4DAC0A32294}.NET35-Debug|Any CPU.Build.0 = NET35-Debug|Any CPU
		{4BB0BD73-0CB7-4979-B790-C4DAC0A32294}.NET35-Release|Any CPU.ActiveCfg = NET35-Release|Any CPU
		{4BB0BD73-0CB7-4979-B790-C4DAC0A32294}.NET35-Release|Any CPU.Build.0 = NET35-Release|Any CPU
		{4BB0BD73-0CB7-4979-B790-C4DAC0A32294}.NET40CP-Debug|Any CPU.ActiveCfg = NET40CP-Debug|Any CPU
		{4BB0BD73-0CB7-4979-B790-C4DAC0A32294}.NET40CP-Debug|Any CPU.Build.0 = NET40CP-Debug|Any CPU
		{4BB0BD73-0CB7-4979-B790-C4DAC0A32294}.NET40CP-Release|Any CPU.ActiveCfg = NET40CP-Release|Any CPU
		{4BB0BD73-0CB7-4979-B790-C4DAC0A32294}.NET40CP-Release|Any CPU.Build.0 = NET40CP-Release|Any CPU
		{4BB0BD73-0CB7-4979-B790-C4DAC0A32294}.NET40-Debug|Any CPU.ActiveCfg = NET40-Debug|Any CPU
		{4BB0BD73-0CB7-4979-B790-C4DAC0A32294}.NET40-Debug|Any CPU.Build.0 = NET40-Debug|Any CPU
		{4BB0BD73-0CB7-4979-B790-C4DAC0A32294}.NET40-Release|Any CPU.ActiveCfg = NET40-Release|Any CPU
		{4BB0BD73-0CB7-4979-B790-C4DAC0A32294}.NET40-Release|Any CPU.Build.0 = NET40-Release|Any CPU
		{4BB0BD73-0CB7-4979-B790-C4DAC0A32294}.Release|Any CPU.ActiveCfg = MONO28-Release|Any CPU
		{4BB0BD73-0CB7-4979-B790-C4DAC0A32294}.Release|Any CPU.Build.0 = MONO28-Release|Any CPU
		{4BB0BD73-0CB7-4979-B790-C4DAC0A32294}.SL3-Debug|Any CPU.ActiveCfg = SL3-Debug|Any CPU
		{4BB0BD73-0CB7-4979-B790-C4DAC0A32294}.SL3-Debug|Any CPU.Build.0 = SL3-Debug|Any CPU
		{4BB0BD73-0CB7-4979-B790-C4DAC0A32294}.SL3-Release|Any CPU.ActiveCfg = SL3-Release|Any CPU
		{4BB0BD73-0CB7-4979-B790-C4DAC0A32294}.SL3-Release|Any CPU.Build.0 = SL3-Release|Any CPU
		{4BB0BD73-0CB7-4979-B790-C4DAC0A32294}.SL4-Debug|Any CPU.ActiveCfg = SL4-Debug|Any CPU
		{4BB0BD73-0CB7-4979-B790-C4DAC0A32294}.SL4-Debug|Any CPU.Build.0 = SL4-Debug|Any CPU
		{4BB0BD73-0CB7-4979-B790-C4DAC0A32294}.SL4-Release|Any CPU.ActiveCfg = SL4-Release|Any CPU
		{4BB0BD73-0CB7-4979-B790-C4DAC0A32294}.SL4-Release|Any CPU.Build.0 = SL4-Release|Any CPU
		{50286B04-1FDA-46A7-89A1-6CFE9F5BB0DA}.Debug|Any CPU.ActiveCfg = MONO28-Debug|Any CPU
		{50286B04-1FDA-46A7-89A1-6CFE9F5BB0DA}.Debug|Any CPU.Build.0 = MONO28-Debug|Any CPU
		{50286B04-1FDA-46A7-89A1-6CFE9F5BB0DA}.MONO26-Debug|Any CPU.ActiveCfg = MONO26-Debug|Any CPU
		{50286B04-1FDA-46A7-89A1-6CFE9F5BB0DA}.MONO26-Debug|Any CPU.Build.0 = MONO26-Debug|Any CPU
		{50286B04-1FDA-46A7-89A1-6CFE9F5BB0DA}.MONO26-Release|Any CPU.ActiveCfg = MONO26-Release|Any CPU
		{50286B04-1FDA-46A7-89A1-6CFE9F5BB0DA}.MONO26-Release|Any CPU.Build.0 = MONO26-Release|Any CPU
		{50286B04-1FDA-46A7-89A1-6CFE9F5BB0DA}.MONO28-Debug|Any CPU.ActiveCfg = MONO28-Debug|Any CPU
		{50286B04-1FDA-46A7-89A1-6CFE9F5BB0DA}.MONO28-Debug|Any CPU.Build.0 = MONO28-Debug|Any CPU
		{50286B04-1FDA-46A7-89A1-6CFE9F5BB0DA}.MONO28-Release|Any CPU.ActiveCfg = MONO28-Release|Any CPU
		{50286B04-1FDA-46A7-89A1-6CFE9F5BB0DA}.MONO28-Release|Any CPU.Build.0 = MONO28-Release|Any CPU
		{50286B04-1FDA-46A7-89A1-6CFE9F5BB0DA}.NET35-Debug|Any CPU.ActiveCfg = NET35-Debug|Any CPU
		{50286B04-1FDA-46A7-89A1-6CFE9F5BB0DA}.NET35-Debug|Any CPU.Build.0 = NET35-Debug|Any CPU
		{50286B04-1FDA-46A7-89A1-6CFE9F5BB0DA}.NET35-Release|Any CPU.ActiveCfg = NET35-Release|Any CPU
		{50286B04-1FDA-46A7-89A1-6CFE9F5BB0DA}.NET35-Release|Any CPU.Build.0 = NET35-Release|Any CPU
		{50286B04-1FDA-46A7-89A1-6CFE9F5BB0DA}.NET40CP-Debug|Any CPU.ActiveCfg = NET40CP-Debug|Any CPU
		{50286B04-1FDA-46A7-89A1-6CFE9F5BB0DA}.NET40CP-Debug|Any CPU.Build.0 = NET40CP-Debug|Any CPU
		{50286B04-1FDA-46A7-89A1-6CFE9F5BB0DA}.NET40CP-Release|Any CPU.ActiveCfg = NET40CP-Release|Any CPU
		{50286B04-1FDA-46A7-89A1-6CFE9F5BB0DA}.NET40CP-Release|Any CPU.Build.0 = NET40CP-Release|Any CPU
		{50286B04-1FDA-46A7-89A1-6CFE9F5BB0DA}.NET40-Debug|Any CPU.ActiveCfg = NET40-Debug|Any CPU
		{50286B04-1FDA-46A7-89A1-6CFE9F5BB0DA}.NET40-Debug|Any CPU.Build.0 = NET40-Debug|Any CPU
		{50286B04-1FDA-46A7-89A1-6CFE9F5BB0DA}.NET40-Release|Any CPU.ActiveCfg = NET40-Release|Any CPU
		{50286B04-1FDA-46A7-89A1-6CFE9F5BB0DA}.NET40-Release|Any CPU.Build.0 = NET40-Release|Any CPU
		{50286B04-1FDA-46A7-89A1-6CFE9F5BB0DA}.Release|Any CPU.ActiveCfg = MONO28-Release|Any CPU
		{50286B04-1FDA-46A7-89A1-6CFE9F5BB0DA}.Release|Any CPU.Build.0 = MONO28-Release|Any CPU
		{50286B04-1FDA-46A7-89A1-6CFE9F5BB0DA}.SL3-Debug|Any CPU.ActiveCfg = SL3-Debug|Any CPU
		{50286B04-1FDA-46A7-89A1-6CFE9F5BB0DA}.SL3-Debug|Any CPU.Build.0 = SL3-Debug|Any CPU
		{50286B04-1FDA-46A7-89A1-6CFE9F5BB0DA}.SL3-Release|Any CPU.ActiveCfg = SL3-Release|Any CPU
		{50286B04-1FDA-46A7-89A1-6CFE9F5BB0DA}.SL3-Release|Any CPU.Build.0 = SL3-Release|Any CPU
		{50286B04-1FDA-46A7-89A1-6CFE9F5BB0DA}.SL4-Debug|Any CPU.ActiveCfg = SL4-Debug|Any CPU
		{50286B04-1FDA-46A7-89A1-6CFE9F5BB0DA}.SL4-Debug|Any CPU.Build.0 = SL4-Debug|Any CPU
		{50286B04-1FDA-46A7-89A1-6CFE9F5BB0DA}.SL4-Release|Any CPU.ActiveCfg = SL4-Release|Any CPU
		{50286B04-1FDA-46A7-89A1-6CFE9F5BB0DA}.SL4-Release|Any CPU.Build.0 = SL4-Release|Any CPU
	EndGlobalSection
	GlobalSection(SolutionProperties) = preSolution
		HideSolutionNode = FALSE
	EndGlobalSection
	GlobalSection(TextTemplating) = postSolution
		TextTemplating = 1
	EndGlobalSection
EndGlobal
