
Microsoft Visual Studio Solution File, Format Version 12.00
# Visual Studio 15
VisualStudioVersion = 15.0.26403.7
MinimumVisualStudioVersion = 10.0.40219.1
Project("{9A19103F-16F7-4668-BE54-9A1E7A4F7556}") = "Castle.Windsor-VS2017", "src\Castle.Windsor\Castle.Windsor-VS2017.csproj", "{5F6A631E-8EB1-4BC1-826D-86D3059945B8}"
EndProject
Project("{9A19103F-16F7-4668-BE54-9A1E7A4F7556}") = "Castle.Facilities.EventWiring-VS2017", "src\Castle.Facilities.EventWiring\Castle.Facilities.EventWiring-VS2017.csproj", "{5538CC65-58F6-4134-9066-7BB065B16B96}"
EndProject
Project("{9A19103F-16F7-4668-BE54-9A1E7A4F7556}") = "Castle.Facilities.FactorySupport-VS2017", "src\Castle.Facilities.FactorySupport\Castle.Facilities.FactorySupport-VS2017.csproj", "{AAEDE084-B6B6-4CD3-BD49-358758A9EB91}"
EndProject
Project("{9A19103F-16F7-4668-BE54-9A1E7A4F7556}") = "Castle.Facilities.Logging-VS2017", "src\Castle.Facilities.Logging\Castle.Facilities.Logging-VS2017.csproj", "{AA172172-78D8-414C-B4AB-9A8122EBB210}"
EndProject
Project("{9A19103F-16F7-4668-BE54-9A1E7A4F7556}") = "Castle.Facilities.Synchronize-VS2017", "src\Castle.Facilities.Synchronize\Castle.Facilities.Synchronize-VS2017.csproj", "{DA7B4B5F-79D7-4CFA-81B5-834F79394B09}"
EndProject
Project("{9A19103F-16F7-4668-BE54-9A1E7A4F7556}") = "Castle.Facilities.WcfIntegration-VS2017", "src\Castle.Facilities.WcfIntegration\Castle.Facilities.WcfIntegration-VS2017.csproj", "{BA6B28A7-C965-4F7E-8B1A-DF5171E7976B}"
EndProject
Project("{9A19103F-16F7-4668-BE54-9A1E7A4F7556}") = "Castle.Facilities.WcfIntegration.Tests-VS2017", "src\Castle.Facilities.WcfIntegration.Tests\Castle.Facilities.WcfIntegration.Tests-VS2017.csproj", "{2162E27E-E0EB-470A-95FD-9AD6B802D0AB}"
EndProject
Project("{9A19103F-16F7-4668-BE54-9A1E7A4F7556}") = "Castle.Facilities.WcfIntegration.Demo-VS2017", "src\Castle.Facilities.WcfIntegration.Demo\Castle.Facilities.WcfIntegration.Demo-VS2017.csproj", "{148CDE3A-7633-4C20-8E7E-24D5919ABACF}"
EndProject
Project("{9A19103F-16F7-4668-BE54-9A1E7A4F7556}") = "Castle.Windsor.Tests-VS2017", "src\Castle.Windsor.Tests\Castle.Windsor.Tests-VS2017.csproj", "{11D01568-6DB2-4F82-859F-FB288A8CA694}"
EndProject
Project("{2150E333-8FDC-42A3-9474-1A3956D46DE8}") = "Castle Build", "Castle Build", "{7E507A42-984B-470D-8A0C-648B9AF8E1DC}"
	ProjectSection(SolutionItems) = preProject
		.gitattributes = .gitattributes
		.gitignore = .gitignore
		appveyor.yml = appveyor.yml
		build-vs2017.cmd = build-vs2017.cmd
		CHANGELOG.md = CHANGELOG.md
		CONTRIBUTING.md = CONTRIBUTING.md
		LICENSE = LICENSE
		README.md = README.md
	EndProjectSection
EndProject
Project("{9A19103F-16F7-4668-BE54-9A1E7A4F7556}") = "BuildScripts", "buildscripts\BuildScripts.csproj", "{944CD23E-BEF8-4FBC-A76D-7BC85A7FB2F6}"
EndProject
Project("{2150E333-8FDC-42A3-9474-1A3956D46DE8}") = "Castle Facilities", "Castle Facilities", "{7935AFF5-BF6D-4D59-8D66-058B6557F70F}"
EndProject
Global
	GlobalSection(SolutionConfigurationPlatforms) = preSolution
		Debug|Any CPU = Debug|Any CPU
		Release|Any CPU = Release|Any CPU
	EndGlobalSection
	GlobalSection(ProjectConfigurationPlatforms) = postSolution
		{5F6A631E-8EB1-4BC1-826D-86D3059945B8}.Debug|Any CPU.ActiveCfg = Debug|Any CPU
		{5F6A631E-8EB1-4BC1-826D-86D3059945B8}.Debug|Any CPU.Build.0 = Debug|Any CPU
		{5F6A631E-8EB1-4BC1-826D-86D3059945B8}.Release|Any CPU.ActiveCfg = Release|Any CPU
		{5F6A631E-8EB1-4BC1-826D-86D3059945B8}.Release|Any CPU.Build.0 = Release|Any CPU
		{5538CC65-58F6-4134-9066-7BB065B16B96}.Debug|Any CPU.ActiveCfg = Debug|Any CPU
		{5538CC65-58F6-4134-9066-7BB065B16B96}.Debug|Any CPU.Build.0 = Debug|Any CPU
		{5538CC65-58F6-4134-9066-7BB065B16B96}.Release|Any CPU.ActiveCfg = Release|Any CPU
		{5538CC65-58F6-4134-9066-7BB065B16B96}.Release|Any CPU.Build.0 = Release|Any CPU
		{AAEDE084-B6B6-4CD3-BD49-358758A9EB91}.Debug|Any CPU.ActiveCfg = Debug|Any CPU
		{AAEDE084-B6B6-4CD3-BD49-358758A9EB91}.Debug|Any CPU.Build.0 = Debug|Any CPU
		{AAEDE084-B6B6-4CD3-BD49-358758A9EB91}.Release|Any CPU.ActiveCfg = Release|Any CPU
		{AAEDE084-B6B6-4CD3-BD49-358758A9EB91}.Release|Any CPU.Build.0 = Release|Any CPU
		{AA172172-78D8-414C-B4AB-9A8122EBB210}.Debug|Any CPU.ActiveCfg = Debug|Any CPU
		{AA172172-78D8-414C-B4AB-9A8122EBB210}.Debug|Any CPU.Build.0 = Debug|Any CPU
		{AA172172-78D8-414C-B4AB-9A8122EBB210}.Release|Any CPU.ActiveCfg = Release|Any CPU
		{AA172172-78D8-414C-B4AB-9A8122EBB210}.Release|Any CPU.Build.0 = Release|Any CPU
		{DA7B4B5F-79D7-4CFA-81B5-834F79394B09}.Debug|Any CPU.ActiveCfg = Debug|Any CPU
		{DA7B4B5F-79D7-4CFA-81B5-834F79394B09}.Debug|Any CPU.Build.0 = Debug|Any CPU
		{DA7B4B5F-79D7-4CFA-81B5-834F79394B09}.Release|Any CPU.ActiveCfg = Release|Any CPU
		{DA7B4B5F-79D7-4CFA-81B5-834F79394B09}.Release|Any CPU.Build.0 = Release|Any CPU
		{BA6B28A7-C965-4F7E-8B1A-DF5171E7976B}.Debug|Any CPU.ActiveCfg = Debug|Any CPU
		{BA6B28A7-C965-4F7E-8B1A-DF5171E7976B}.Debug|Any CPU.Build.0 = Debug|Any CPU
		{BA6B28A7-C965-4F7E-8B1A-DF5171E7976B}.Release|Any CPU.ActiveCfg = Release|Any CPU
		{BA6B28A7-C965-4F7E-8B1A-DF5171E7976B}.Release|Any CPU.Build.0 = Release|Any CPU
		{2162E27E-E0EB-470A-95FD-9AD6B802D0AB}.Debug|Any CPU.ActiveCfg = Debug|Any CPU
		{2162E27E-E0EB-470A-95FD-9AD6B802D0AB}.Debug|Any CPU.Build.0 = Debug|Any CPU
		{2162E27E-E0EB-470A-95FD-9AD6B802D0AB}.Release|Any CPU.ActiveCfg = Release|Any CPU
		{2162E27E-E0EB-470A-95FD-9AD6B802D0AB}.Release|Any CPU.Build.0 = Release|Any CPU
		{148CDE3A-7633-4C20-8E7E-24D5919ABACF}.Debug|Any CPU.ActiveCfg = Debug|Any CPU
		{148CDE3A-7633-4C20-8E7E-24D5919ABACF}.Debug|Any CPU.Build.0 = Debug|Any CPU
		{148CDE3A-7633-4C20-8E7E-24D5919ABACF}.Release|Any CPU.ActiveCfg = Release|Any CPU
		{148CDE3A-7633-4C20-8E7E-24D5919ABACF}.Release|Any CPU.Build.0 = Release|Any CPU
		{11D01568-6DB2-4F82-859F-FB288A8CA694}.Debug|Any CPU.ActiveCfg = Debug|Any CPU
		{11D01568-6DB2-4F82-859F-FB288A8CA694}.Debug|Any CPU.Build.0 = Debug|Any CPU
		{11D01568-6DB2-4F82-859F-FB288A8CA694}.Release|Any CPU.ActiveCfg = Release|Any CPU
		{11D01568-6DB2-4F82-859F-FB288A8CA694}.Release|Any CPU.Build.0 = Release|Any CPU
		{944CD23E-BEF8-4FBC-A76D-7BC85A7FB2F6}.Debug|Any CPU.ActiveCfg = Debug|Any CPU
		{944CD23E-BEF8-4FBC-A76D-7BC85A7FB2F6}.Debug|Any CPU.Build.0 = Debug|Any CPU
		{944CD23E-BEF8-4FBC-A76D-7BC85A7FB2F6}.Release|Any CPU.ActiveCfg = Release|Any CPU
		{944CD23E-BEF8-4FBC-A76D-7BC85A7FB2F6}.Release|Any CPU.Build.0 = Release|Any CPU
	EndGlobalSection
	GlobalSection(SolutionProperties) = preSolution
		HideSolutionNode = FALSE
	EndGlobalSection
	GlobalSection(NestedProjects) = preSolution
		{5538CC65-58F6-4134-9066-7BB065B16B96} = {7935AFF5-BF6D-4D59-8D66-058B6557F70F}
		{AAEDE084-B6B6-4CD3-BD49-358758A9EB91} = {7935AFF5-BF6D-4D59-8D66-058B6557F70F}
		{AA172172-78D8-414C-B4AB-9A8122EBB210} = {7935AFF5-BF6D-4D59-8D66-058B6557F70F}
		{DA7B4B5F-79D7-4CFA-81B5-834F79394B09} = {7935AFF5-BF6D-4D59-8D66-058B6557F70F}
		{BA6B28A7-C965-4F7E-8B1A-DF5171E7976B} = {7935AFF5-BF6D-4D59-8D66-058B6557F70F}
		{2162E27E-E0EB-470A-95FD-9AD6B802D0AB} = {7935AFF5-BF6D-4D59-8D66-058B6557F70F}
		{148CDE3A-7633-4C20-8E7E-24D5919ABACF} = {7935AFF5-BF6D-4D59-8D66-058B6557F70F}
		{944CD23E-BEF8-4FBC-A76D-7BC85A7FB2F6} = {7E507A42-984B-470D-8A0C-648B9AF8E1DC}
	EndGlobalSection
EndGlobal
